
Microsoft Visual Studio Solution File, Format Version 12.00
# Visual Studio Version 16
VisualStudioVersion = 16.0.34031.81
MinimumVisualStudioVersion = 10.0.40219.1
Project("{FAE04EC0-301F-11D3-BF4B-00C04F79EFBC}") = "63CNTT4", "63CNTT4\63CNTT4.csproj", "{8BFB0F96-95CE-4F02-9D83-34952BACD7F9}"
EndProject
Global
	GlobalSection(SolutionConfigurationPlatforms) = preSolution
		Debug|Any CPU = Debug|Any CPU
		Release|Any CPU = Release|Any CPU
	EndGlobalSection
	GlobalSection(ProjectConfigurationPlatforms) = postSolution
		{8BFB0F96-95CE-4F02-9D83-34952BACD7F9}.Debug|Any CPU.ActiveCfg = Debug|Any CPU
		{8BFB0F96-95CE-4F02-9D83-34952BACD7F9}.Debug|Any CPU.Build.0 = Debug|Any CPU
		{8BFB0F96-95CE-4F02-9D83-34952BACD7F9}.Release|Any CPU.ActiveCfg = Release|Any CPU
		{8BFB0F96-95CE-4F02-9D83-34952BACD7F9}.Release|Any CPU.Build.0 = Release|Any CPU
	EndGlobalSection
	GlobalSection(SolutionProperties) = preSolution
		HideSolutionNode = FALSE
	EndGlobalSection
	GlobalSection(ExtensibilityGlobals) = postSolution
		SolutionGuid = {D3A5B1FC-1FA4-4FB5-B4A1-79C341F3099E}
	EndGlobalSection
EndGlobal
